
Microsoft Visual Studio Solution File, Format Version 12.00
# Visual Studio 2012
Project("{8BC9CEB8-8B4A-11D0-8D11-00A0C91BC942}") = "RandomForest", "RandomForest\RandomForest.vcxproj", "{79E11CDF-7E9A-4433-BA7E-6BE7F0532D55}"
EndProject
Global
	GlobalSection(SolutionConfigurationPlatforms) = preSolution
		Debug|Win32 = Debug|Win32
		Release|Win32 = Release|Win32
	EndGlobalSection
	GlobalSection(ProjectConfigurationPlatforms) = postSolution
		{79E11CDF-7E9A-4433-BA7E-6BE7F0532D55}.Debug|Win32.ActiveCfg = Debug|Win32
		{79E11CDF-7E9A-4433-BA7E-6BE7F0532D55}.Debug|Win32.Build.0 = Debug|Win32
		{79E11CDF-7E9A-4433-BA7E-6BE7F0532D55}.Release|Win32.ActiveCfg = Release|Win32
		{79E11CDF-7E9A-4433-BA7E-6BE7F0532D55}.Release|Win32.Build.0 = Release|Win32
	EndGlobalSection
	GlobalSection(SolutionProperties) = preSolution
		HideSolutionNode = FALSE
	EndGlobalSection
EndGlobal
